<<<<<<< HEAD
﻿
Microsoft Visual Studio Solution File, Format Version 12.00
# Visual Studio Version 16
VisualStudioVersion = 16.0.33328.57
MinimumVisualStudioVersion = 10.0.40219.1
Project("{FAE04EC0-301F-11D3-BF4B-00C04F79EFBC}") = "9", "9\9.csproj", "{6B46729C-FC97-4D99-B727-276B0E33D593}"
EndProject
Global
	GlobalSection(SolutionConfigurationPlatforms) = preSolution
		Debug|Any CPU = Debug|Any CPU
		Release|Any CPU = Release|Any CPU
	EndGlobalSection
	GlobalSection(ProjectConfigurationPlatforms) = postSolution
		{6B46729C-FC97-4D99-B727-276B0E33D593}.Debug|Any CPU.ActiveCfg = Debug|Any CPU
		{6B46729C-FC97-4D99-B727-276B0E33D593}.Debug|Any CPU.Build.0 = Debug|Any CPU
		{6B46729C-FC97-4D99-B727-276B0E33D593}.Release|Any CPU.ActiveCfg = Release|Any CPU
		{6B46729C-FC97-4D99-B727-276B0E33D593}.Release|Any CPU.Build.0 = Release|Any CPU
	EndGlobalSection
	GlobalSection(SolutionProperties) = preSolution
		HideSolutionNode = FALSE
	EndGlobalSection
	GlobalSection(ExtensibilityGlobals) = postSolution
		SolutionGuid = {721876E9-8B4B-4C6F-8B41-9FFE1FDD7D8D}
	EndGlobalSection
EndGlobal
=======
﻿
Microsoft Visual Studio Solution File, Format Version 12.00
# Visual Studio Version 16
VisualStudioVersion = 16.0.33328.57
MinimumVisualStudioVersion = 10.0.40219.1
Project("{FAE04EC0-301F-11D3-BF4B-00C04F79EFBC}") = "9", "9\9.csproj", "{6B46729C-FC97-4D99-B727-276B0E33D593}"
EndProject
Global
	GlobalSection(SolutionConfigurationPlatforms) = preSolution
		Debug|Any CPU = Debug|Any CPU
		Release|Any CPU = Release|Any CPU
	EndGlobalSection
	GlobalSection(ProjectConfigurationPlatforms) = postSolution
		{6B46729C-FC97-4D99-B727-276B0E33D593}.Debug|Any CPU.ActiveCfg = Debug|Any CPU
		{6B46729C-FC97-4D99-B727-276B0E33D593}.Debug|Any CPU.Build.0 = Debug|Any CPU
		{6B46729C-FC97-4D99-B727-276B0E33D593}.Release|Any CPU.ActiveCfg = Release|Any CPU
		{6B46729C-FC97-4D99-B727-276B0E33D593}.Release|Any CPU.Build.0 = Release|Any CPU
	EndGlobalSection
	GlobalSection(SolutionProperties) = preSolution
		HideSolutionNode = FALSE
	EndGlobalSection
	GlobalSection(ExtensibilityGlobals) = postSolution
		SolutionGuid = {721876E9-8B4B-4C6F-8B41-9FFE1FDD7D8D}
	EndGlobalSection
EndGlobal
>>>>>>> e05ea73e4443b311081f70d8b4be1f535632dde7
