
Microsoft Visual Studio Solution File, Format Version 12.00
# Visual Studio Version 16
VisualStudioVersion = 16.0.33328.57
MinimumVisualStudioVersion = 10.0.40219.1
Project("{FAE04EC0-301F-11D3-BF4B-00C04F79EFBC}") = "7", "7\7.csproj", "{D678D2AA-D988-4A46-9AA6-0AEDFCC79CA8}"
EndProject
Global
	GlobalSection(SolutionConfigurationPlatforms) = preSolution
		Debug|Any CPU = Debug|Any CPU
		Release|Any CPU = Release|Any CPU
	EndGlobalSection
	GlobalSection(ProjectConfigurationPlatforms) = postSolution
		{D678D2AA-D988-4A46-9AA6-0AEDFCC79CA8}.Debug|Any CPU.ActiveCfg = Debug|Any CPU
		{D678D2AA-D988-4A46-9AA6-0AEDFCC79CA8}.Debug|Any CPU.Build.0 = Debug|Any CPU
		{D678D2AA-D988-4A46-9AA6-0AEDFCC79CA8}.Release|Any CPU.ActiveCfg = Release|Any CPU
		{D678D2AA-D988-4A46-9AA6-0AEDFCC79CA8}.Release|Any CPU.Build.0 = Release|Any CPU
	EndGlobalSection
	GlobalSection(SolutionProperties) = preSolution
		HideSolutionNode = FALSE
	EndGlobalSection
	GlobalSection(ExtensibilityGlobals) = postSolution
		SolutionGuid = {04A359C9-2088-4D7B-AE6E-604F31B13017}
	EndGlobalSection
EndGlobal
