
Microsoft Visual Studio Solution File, Format Version 12.00
# Visual Studio Version 16
VisualStudioVersion = 16.0.33328.57
MinimumVisualStudioVersion = 10.0.40219.1
Project("{FAE04EC0-301F-11D3-BF4B-00C04F79EFBC}") = "11 лабораторная работа", "11 лабораторная работа\11 лабораторная работа.csproj", "{D4424FA8-9494-4E24-A1AB-C855FA2752FD}"
EndProject
Global
	GlobalSection(SolutionConfigurationPlatforms) = preSolution
		Debug|Any CPU = Debug|Any CPU
		Release|Any CPU = Release|Any CPU
	EndGlobalSection
	GlobalSection(ProjectConfigurationPlatforms) = postSolution
		{D4424FA8-9494-4E24-A1AB-C855FA2752FD}.Debug|Any CPU.ActiveCfg = Debug|Any CPU
		{D4424FA8-9494-4E24-A1AB-C855FA2752FD}.Debug|Any CPU.Build.0 = Debug|Any CPU
		{D4424FA8-9494-4E24-A1AB-C855FA2752FD}.Release|Any CPU.ActiveCfg = Release|Any CPU
		{D4424FA8-9494-4E24-A1AB-C855FA2752FD}.Release|Any CPU.Build.0 = Release|Any CPU
	EndGlobalSection
	GlobalSection(SolutionProperties) = preSolution
		HideSolutionNode = FALSE
	EndGlobalSection
	GlobalSection(ExtensibilityGlobals) = postSolution
		SolutionGuid = {63B6FA5F-C561-4C5B-AC91-F8BFA36E9DD2}
	EndGlobalSection
EndGlobal
