
Microsoft Visual Studio Solution File, Format Version 12.00
# Visual Studio Version 16
VisualStudioVersion = 16.0.33328.57
MinimumVisualStudioVersion = 10.0.40219.1
Project("{FAE04EC0-301F-11D3-BF4B-00C04F79EFBC}") = "6_1", "6_1\6_1.csproj", "{804E263D-7019-487F-9E33-967B6B7E0CFD}"
EndProject
Global
	GlobalSection(SolutionConfigurationPlatforms) = preSolution
		Debug|Any CPU = Debug|Any CPU
		Release|Any CPU = Release|Any CPU
	EndGlobalSection
	GlobalSection(ProjectConfigurationPlatforms) = postSolution
		{804E263D-7019-487F-9E33-967B6B7E0CFD}.Debug|Any CPU.ActiveCfg = Debug|Any CPU
		{804E263D-7019-487F-9E33-967B6B7E0CFD}.Debug|Any CPU.Build.0 = Debug|Any CPU
		{804E263D-7019-487F-9E33-967B6B7E0CFD}.Release|Any CPU.ActiveCfg = Release|Any CPU
		{804E263D-7019-487F-9E33-967B6B7E0CFD}.Release|Any CPU.Build.0 = Release|Any CPU
	EndGlobalSection
	GlobalSection(SolutionProperties) = preSolution
		HideSolutionNode = FALSE
	EndGlobalSection
	GlobalSection(ExtensibilityGlobals) = postSolution
		SolutionGuid = {75B1EE24-DC6D-4A46-A4D9-A3C339EB060B}
	EndGlobalSection
EndGlobal
